
Microsoft Visual Studio Solution File, Format Version 12.00
# Visual Studio Version 16
VisualStudioVersion = 16.0.30225.117
MinimumVisualStudioVersion = 10.0.40219.1
Project("{FAE04EC0-301F-11D3-BF4B-00C04F79EFBC}") = "TextAdventure", "TextAdventure\TextAdventure.csproj", "{B1580D2D-1244-4875-9468-9FF1F07212EF}"
EndProject
Global
	GlobalSection(SolutionConfigurationPlatforms) = preSolution
		Debug|Any CPU = Debug|Any CPU
		Release|Any CPU = Release|Any CPU
	EndGlobalSection
	GlobalSection(ProjectConfigurationPlatforms) = postSolution
		{B1580D2D-1244-4875-9468-9FF1F07212EF}.Debug|Any CPU.ActiveCfg = Debug|Any CPU
		{B1580D2D-1244-4875-9468-9FF1F07212EF}.Debug|Any CPU.Build.0 = Debug|Any CPU
		{B1580D2D-1244-4875-9468-9FF1F07212EF}.Release|Any CPU.ActiveCfg = Release|Any CPU
		{B1580D2D-1244-4875-9468-9FF1F07212EF}.Release|Any CPU.Build.0 = Release|Any CPU
	EndGlobalSection
	GlobalSection(SolutionProperties) = preSolution
		HideSolutionNode = FALSE
	EndGlobalSection
	GlobalSection(ExtensibilityGlobals) = postSolution
		SolutionGuid = {3621092D-3B04-465E-ABBF-EE1126A09F8A}
	EndGlobalSection
EndGlobal
